
Microsoft Visual Studio Solution File, Format Version 12.00
# Visual Studio Version 16
VisualStudioVersion = 16.0.30114.128
MinimumVisualStudioVersion = 10.0.40219.1
Project("{FAE04EC0-301F-11D3-BF4B-00C04F79EFBC}") = "Markdig.SyntaxHighlighting", "Markdig.SyntaxHighlighting\Markdig.SyntaxHighlighting.csproj", "{90C84EA7-1835-408C-A754-63E6B0E54B0F}"
EndProject
Project("{FAE04EC0-301F-11D3-BF4B-00C04F79EFBC}") = "Markdig.SyntaxHighlighting.Tests", "Markdig.SyntaxHighlighting.Tests\Markdig.SyntaxHighlighting.Tests.csproj", "{8D4BA4C7-E8E9-4DF2-94C6-3E53E00BCA4C}"
EndProject
Global
	GlobalSection(SolutionConfigurationPlatforms) = preSolution
		Debug|Any CPU = Debug|Any CPU
		Release|Any CPU = Release|Any CPU
	EndGlobalSection
	GlobalSection(ProjectConfigurationPlatforms) = postSolution
		{90C84EA7-1835-408C-A754-63E6B0E54B0F}.Debug|Any CPU.ActiveCfg = Debug|Any CPU
		{90C84EA7-1835-408C-A754-63E6B0E54B0F}.Debug|Any CPU.Build.0 = Debug|Any CPU
		{90C84EA7-1835-408C-A754-63E6B0E54B0F}.Release|Any CPU.ActiveCfg = Release|Any CPU
		{90C84EA7-1835-408C-A754-63E6B0E54B0F}.Release|Any CPU.Build.0 = Release|Any CPU
		{8D4BA4C7-E8E9-4DF2-94C6-3E53E00BCA4C}.Debug|Any CPU.ActiveCfg = Debug|Any CPU
		{8D4BA4C7-E8E9-4DF2-94C6-3E53E00BCA4C}.Debug|Any CPU.Build.0 = Debug|Any CPU
		{8D4BA4C7-E8E9-4DF2-94C6-3E53E00BCA4C}.Release|Any CPU.ActiveCfg = Release|Any CPU
		{8D4BA4C7-E8E9-4DF2-94C6-3E53E00BCA4C}.Release|Any CPU.Build.0 = Release|Any CPU
	EndGlobalSection
	GlobalSection(SolutionProperties) = preSolution
		HideSolutionNode = FALSE
	EndGlobalSection
	GlobalSection(ExtensibilityGlobals) = postSolution
		SolutionGuid = {0EF0E2F7-BD51-4F36-9032-E60D9B64BE49}
	EndGlobalSection
EndGlobal
